
Microsoft Visual Studio Solution File, Format Version 12.00
# Visual Studio Version 16
VisualStudioVersion = 16.0.31729.503
MinimumVisualStudioVersion = 10.0.40219.1
Project("{FAE04EC0-301F-11D3-BF4B-00C04F79EFBC}") = "SlimeStream", "SlimeStream.csproj", "{672F4D78-1AB2-4229-BF66-5695BD60F278}"
EndProject
Global
	GlobalSection(SolutionConfigurationPlatforms) = preSolution
		Debug|Any CPU = Debug|Any CPU
		Release|Any CPU = Release|Any CPU
	EndGlobalSection
	GlobalSection(ProjectConfigurationPlatforms) = postSolution
		{672F4D78-1AB2-4229-BF66-5695BD60F278}.Debug|Any CPU.ActiveCfg = Debug|Any CPU
		{672F4D78-1AB2-4229-BF66-5695BD60F278}.Debug|Any CPU.Build.0 = Debug|Any CPU
		{672F4D78-1AB2-4229-BF66-5695BD60F278}.Release|Any CPU.ActiveCfg = Release|Any CPU
		{672F4D78-1AB2-4229-BF66-5695BD60F278}.Release|Any CPU.Build.0 = Release|Any CPU
	EndGlobalSection
	GlobalSection(SolutionProperties) = preSolution
		HideSolutionNode = FALSE
	EndGlobalSection
	GlobalSection(ExtensibilityGlobals) = postSolution
		SolutionGuid = {8AB38FD6-42FB-48CB-963C-A6CDC405C219}
	EndGlobalSection
EndGlobal
